
Microsoft Visual Studio Solution File, Format Version 12.00
# Visual Studio Version 16
VisualStudioVersion = 16.0.31321.278
MinimumVisualStudioVersion = 10.0.40219.1
Project("{FAE04EC0-301F-11D3-BF4B-00C04F79EFBC}") = "metriclibrary", "metriclibrary\metriclibrary.csproj", "{84CE893B-75E6-4409-BAFA-C59AC8F4A285}"
EndProject
Global
	GlobalSection(SolutionConfigurationPlatforms) = preSolution
		Debug|Any CPU = Debug|Any CPU
		Release|Any CPU = Release|Any CPU
	EndGlobalSection
	GlobalSection(ProjectConfigurationPlatforms) = postSolution
		{84CE893B-75E6-4409-BAFA-C59AC8F4A285}.Debug|Any CPU.ActiveCfg = Debug|Any CPU
		{84CE893B-75E6-4409-BAFA-C59AC8F4A285}.Debug|Any CPU.Build.0 = Debug|Any CPU
		{84CE893B-75E6-4409-BAFA-C59AC8F4A285}.Release|Any CPU.ActiveCfg = Release|Any CPU
		{84CE893B-75E6-4409-BAFA-C59AC8F4A285}.Release|Any CPU.Build.0 = Release|Any CPU
	EndGlobalSection
	GlobalSection(SolutionProperties) = preSolution
		HideSolutionNode = FALSE
	EndGlobalSection
	GlobalSection(ExtensibilityGlobals) = postSolution
		SolutionGuid = {7738E4F0-3798-494A-B180-2140A7B78995}
	EndGlobalSection
EndGlobal
